{
  "version": 4,
  "terraform_version": "1.7.1",
  "serial": 33,
  "lineage": "e19fe1e6-5282-7c57-0ea4-b5222a57d15d",
  "outputs": {
    "alb": {
      "value": {
        "access_logs": [
          {
            "bucket": "",
            "enabled": false,
            "prefix": ""
          }
        ],
        "arn": "arn:aws:elasticloadbalancing:us-east-1:231691540352:loadbalancer/app/alb/225439f7bf6c69fb",
        "arn_suffix": "app/alb/225439f7bf6c69fb",
        "connection_logs": [
          {
            "bucket": "",
            "enabled": false,
            "prefix": ""
          }
        ],
        "customer_owned_ipv4_pool": "",
        "desync_mitigation_mode": "defensive",
        "dns_name": "alb-2061558851.us-east-1.elb.amazonaws.com",
        "dns_record_client_routing_policy": null,
        "drop_invalid_header_fields": false,
        "enable_cross_zone_load_balancing": true,
        "enable_deletion_protection": false,
        "enable_http2": true,
        "enable_tls_version_and_cipher_suite_headers": false,
        "enable_waf_fail_open": false,
        "enable_xff_client_port": false,
        "enforce_security_group_inbound_rules_on_private_link_traffic": "",
        "id": "arn:aws:elasticloadbalancing:us-east-1:231691540352:loadbalancer/app/alb/225439f7bf6c69fb",
        "idle_timeout": 60,
        "internal": false,
        "ip_address_type": "ipv4",
        "load_balancer_type": "application",
        "name": "alb",
        "name_prefix": "",
        "preserve_host_header": false,
        "security_groups": [
          "sg-0dddc0d6c2e960ea7"
        ],
        "subnet_mapping": [
          {
            "allocation_id": "",
            "ipv6_address": "",
            "outpost_id": "",
            "private_ipv4_address": "",
            "subnet_id": "subnet-0460d41e381cb6819"
          },
          {
            "allocation_id": "",
            "ipv6_address": "",
            "outpost_id": "",
            "private_ipv4_address": "",
            "subnet_id": "subnet-0e6a73a3d0b8dbf60"
          }
        ],
        "subnets": [
          "subnet-0460d41e381cb6819",
          "subnet-0e6a73a3d0b8dbf60"
        ],
        "tags": {
          "Environment": "test"
        },
        "tags_all": {
          "Environment": "test"
        },
        "timeouts": null,
        "vpc_id": "vpc-0790f77bfd6b79642",
        "xff_header_processing_mode": "append",
        "zone_id": "Z35SXDOTRQ7X7K"
      },
      "type": [
        "object",
        {
          "access_logs": [
            "list",
            [
              "object",
              {
                "bucket": "string",
                "enabled": "bool",
                "prefix": "string"
              }
            ]
          ],
          "arn": "string",
          "arn_suffix": "string",
          "connection_logs": [
            "list",
            [
              "object",
              {
                "bucket": "string",
                "enabled": "bool",
                "prefix": "string"
              }
            ]
          ],
          "customer_owned_ipv4_pool": "string",
          "desync_mitigation_mode": "string",
          "dns_name": "string",
          "dns_record_client_routing_policy": "string",
          "drop_invalid_header_fields": "bool",
          "enable_cross_zone_load_balancing": "bool",
          "enable_deletion_protection": "bool",
          "enable_http2": "bool",
          "enable_tls_version_and_cipher_suite_headers": "bool",
          "enable_waf_fail_open": "bool",
          "enable_xff_client_port": "bool",
          "enforce_security_group_inbound_rules_on_private_link_traffic": "string",
          "id": "string",
          "idle_timeout": "number",
          "internal": "bool",
          "ip_address_type": "string",
          "load_balancer_type": "string",
          "name": "string",
          "name_prefix": "string",
          "preserve_host_header": "bool",
          "security_groups": [
            "set",
            "string"
          ],
          "subnet_mapping": [
            "set",
            [
              "object",
              {
                "allocation_id": "string",
                "ipv6_address": "string",
                "outpost_id": "string",
                "private_ipv4_address": "string",
                "subnet_id": "string"
              }
            ]
          ],
          "subnets": [
            "set",
            "string"
          ],
          "tags": [
            "map",
            "string"
          ],
          "tags_all": [
            "map",
            "string"
          ],
          "timeouts": [
            "object",
            {
              "create": "string",
              "delete": "string",
              "update": "string"
            }
          ],
          "vpc_id": "string",
          "xff_header_processing_mode": "string",
          "zone_id": "string"
        }
      ]
    },
    "private_subnet_1": {
      "value": "10.0.3.0/24",
      "type": "string"
    },
    "public_subnet_1": {
      "value": "10.0.1.0/24",
      "type": "string"
    },
    "public_subnet_2": {
      "value": "10.0.2.0/24",
      "type": "string"
    },
    "rds_instance_type": {
      "value": "db.t3.micro",
      "type": "string"
    },
    "vpc": {
      "value": "10.0.0.0/16",
      "type": "string"
    }
  },
  "resources": [
    {
      "mode": "managed",
      "type": "aws_db_instance",
      "name": "rds_mysql_instance",
      "provider": "provider[\"registry.terraform.io/hashicorp/aws\"]",
      "instances": [
        {
          "index_key": 0,
          "schema_version": 2,
          "attributes": {
            "address": "terraform-20240129043750249300000002.c7comu1jk2du.us-east-1.rds.amazonaws.com",
            "allocated_storage": 10,
            "allow_major_version_upgrade": null,
            "apply_immediately": false,
            "arn": "arn:aws:rds:us-east-1:231691540352:db:terraform-20240129043750249300000002",
            "auto_minor_version_upgrade": true,
            "availability_zone": "us-east-1a",
            "backup_retention_period": 0,
            "backup_target": "region",
            "backup_window": "07:58-08:28",
            "blue_green_update": [],
            "ca_cert_identifier": "rds-ca-2019",
            "character_set_name": "",
            "copy_tags_to_snapshot": false,
            "custom_iam_instance_profile": "",
            "customer_owned_ip_enabled": false,
            "db_name": "",
            "db_subnet_group_name": "rds_subnet_group",
            "delete_automated_backups": true,
            "deletion_protection": false,
            "domain": "",
            "domain_iam_role_name": "",
            "enabled_cloudwatch_logs_exports": null,
            "endpoint": "terraform-20240129043750249300000002.c7comu1jk2du.us-east-1.rds.amazonaws.com:3306",
            "engine": "mysql",
            "engine_version": "5.7",
            "engine_version_actual": "5.7.44",
            "final_snapshot_identifier": null,
            "hosted_zone_id": "Z2R2ITUGPM61AM",
            "iam_database_authentication_enabled": false,
            "id": "db-IEWVUWJCIY3MI22VTSD4CROKTU",
            "identifier": "terraform-20240129043750249300000002",
            "identifier_prefix": "terraform-",
            "instance_class": "db.t3.micro",
            "iops": 0,
            "kms_key_id": "",
            "latest_restorable_time": "",
            "license_model": "general-public-license",
            "listener_endpoint": [],
            "maintenance_window": "tue:04:17-tue:04:47",
            "manage_master_user_password": null,
            "master_user_secret": [],
            "master_user_secret_kms_key_id": null,
            "max_allocated_storage": 0,
            "monitoring_interval": 0,
            "monitoring_role_arn": "",
            "multi_az": false,
            "nchar_character_set_name": "",
            "network_type": "IPV4",
            "option_group_name": "default:mysql-5-7",
            "parameter_group_name": "default.mysql5.7",
            "password": "blueteam",
            "performance_insights_enabled": false,
            "performance_insights_kms_key_id": "",
            "performance_insights_retention_period": 0,
            "port": 3306,
            "publicly_accessible": false,
            "replica_mode": "",
            "replicas": [],
            "replicate_source_db": "",
            "resource_id": "db-IEWVUWJCIY3MI22VTSD4CROKTU",
            "restore_to_point_in_time": [],
            "s3_import": [],
            "skip_final_snapshot": true,
            "snapshot_identifier": null,
            "status": "available",
            "storage_encrypted": false,
            "storage_throughput": 0,
            "storage_type": "gp2",
            "tags": null,
            "tags_all": {},
            "timeouts": null,
            "timezone": "",
            "username": "devops",
            "vpc_security_group_ids": [
              "sg-09bda7ba357e7e183"
            ]
          },
          "sensitive_attributes": [],
          "private": "eyJlMmJmYjczMC1lY2FhLTExZTYtOGY4OC0zNDM2M2JjN2M0YzAiOnsiY3JlYXRlIjoyNDAwMDAwMDAwMDAwLCJkZWxldGUiOjM2MDAwMDAwMDAwMDAsInVwZGF0ZSI6NDgwMDAwMDAwMDAwMH0sInNjaGVtYV92ZXJzaW9uIjoiMiJ9",
          "dependencies": [
            "aws_db_subnet_group.rds_subnet_group",
            "aws_instance.terraform_ec2",
            "aws_key_pair.ec2_key",
            "aws_security_group.ec2_sg",
            "aws_security_group.rds_sg",
            "aws_subnet.private_subnet_1",
            "aws_subnet.private_subnet_2",
            "aws_subnet.public_subnet_1",
            "aws_subnet.public_subnet_2",
            "aws_vpc.terraform_vpc",
            "tls_private_key.public_key"
          ]
        },
        {
          "index_key": 1,
          "schema_version": 2,
          "attributes": {
            "address": "terraform-20240129043750238300000001.c7comu1jk2du.us-east-1.rds.amazonaws.com",
            "allocated_storage": 10,
            "allow_major_version_upgrade": null,
            "apply_immediately": false,
            "arn": "arn:aws:rds:us-east-1:231691540352:db:terraform-20240129043750238300000001",
            "auto_minor_version_upgrade": true,
            "availability_zone": "us-east-1a",
            "backup_retention_period": 0,
            "backup_target": "region",
            "backup_window": "03:56-04:26",
            "blue_green_update": [],
            "ca_cert_identifier": "rds-ca-2019",
            "character_set_name": "",
            "copy_tags_to_snapshot": false,
            "custom_iam_instance_profile": "",
            "customer_owned_ip_enabled": false,
            "db_name": "",
            "db_subnet_group_name": "rds_subnet_group",
            "delete_automated_backups": true,
            "deletion_protection": false,
            "domain": "",
            "domain_iam_role_name": "",
            "enabled_cloudwatch_logs_exports": null,
            "endpoint": "terraform-20240129043750238300000001.c7comu1jk2du.us-east-1.rds.amazonaws.com:3306",
            "engine": "mysql",
            "engine_version": "5.7",
            "engine_version_actual": "5.7.44",
            "final_snapshot_identifier": null,
            "hosted_zone_id": "Z2R2ITUGPM61AM",
            "iam_database_authentication_enabled": false,
            "id": "db-XCGUVQ2JVBHABPQPACKGUDBTH4",
            "identifier": "terraform-20240129043750238300000001",
            "identifier_prefix": "terraform-",
            "instance_class": "db.t3.micro",
            "iops": 0,
            "kms_key_id": "",
            "latest_restorable_time": "",
            "license_model": "general-public-license",
            "listener_endpoint": [],
            "maintenance_window": "sat:09:46-sat:10:16",
            "manage_master_user_password": null,
            "master_user_secret": [],
            "master_user_secret_kms_key_id": null,
            "max_allocated_storage": 0,
            "monitoring_interval": 0,
            "monitoring_role_arn": "",
            "multi_az": false,
            "nchar_character_set_name": "",
            "network_type": "IPV4",
            "option_group_name": "default:mysql-5-7",
            "parameter_group_name": "default.mysql5.7",
            "password": "blueteam",
            "performance_insights_enabled": false,
            "performance_insights_kms_key_id": "",
            "performance_insights_retention_period": 0,
            "port": 3306,
            "publicly_accessible": false,
            "replica_mode": "",
            "replicas": [],
            "replicate_source_db": "",
            "resource_id": "db-XCGUVQ2JVBHABPQPACKGUDBTH4",
            "restore_to_point_in_time": [],
            "s3_import": [],
            "skip_final_snapshot": true,
            "snapshot_identifier": null,
            "status": "available",
            "storage_encrypted": false,
            "storage_throughput": 0,
            "storage_type": "gp2",
            "tags": null,
            "tags_all": {},
            "timeouts": null,
            "timezone": "",
            "username": "devops",
            "vpc_security_group_ids": [
              "sg-09bda7ba357e7e183"
            ]
          },
          "sensitive_attributes": [],
          "private": "eyJlMmJmYjczMC1lY2FhLTExZTYtOGY4OC0zNDM2M2JjN2M0YzAiOnsiY3JlYXRlIjoyNDAwMDAwMDAwMDAwLCJkZWxldGUiOjM2MDAwMDAwMDAwMDAsInVwZGF0ZSI6NDgwMDAwMDAwMDAwMH0sInNjaGVtYV92ZXJzaW9uIjoiMiJ9",
          "dependencies": [
            "aws_db_subnet_group.rds_subnet_group",
            "aws_instance.terraform_ec2",
            "aws_key_pair.ec2_key",
            "aws_security_group.ec2_sg",
            "aws_security_group.rds_sg",
            "aws_subnet.private_subnet_1",
            "aws_subnet.private_subnet_2",
            "aws_subnet.public_subnet_1",
            "aws_subnet.public_subnet_2",
            "aws_vpc.terraform_vpc",
            "tls_private_key.public_key"
          ]
        }
      ]
    },
    {
      "mode": "managed",
      "type": "aws_db_subnet_group",
      "name": "rds_subnet_group",
      "provider": "provider[\"registry.terraform.io/hashicorp/aws\"]",
      "instances": [
        {
          "schema_version": 0,
          "attributes": {
            "arn": "arn:aws:rds:us-east-1:231691540352:subgrp:rds_subnet_group",
            "description": "Managed by Terraform",
            "id": "rds_subnet_group",
            "name": "rds_subnet_group",
            "name_prefix": "",
            "subnet_ids": [
              "subnet-09553a94ef9ced596",
              "subnet-0e3b17b9212047d9f"
            ],
            "supported_network_types": [
              "IPV4"
            ],
            "tags": {
              "Name": "RDS Mysql subnet group"
            },
            "tags_all": {
              "Name": "RDS Mysql subnet group"
            },
            "vpc_id": "vpc-0790f77bfd6b79642"
          },
          "sensitive_attributes": [],
          "private": "bnVsbA==",
          "dependencies": [
            "aws_subnet.private_subnet_1",
            "aws_subnet.private_subnet_2",
            "aws_vpc.terraform_vpc"
          ]
        }
      ]
    },
    {
      "mode": "managed",
      "type": "aws_eip",
      "name": "eip_1",
      "provider": "provider[\"registry.terraform.io/hashicorp/aws\"]",
      "instances": [
        {
          "index_key": 0,
          "schema_version": 0,
          "attributes": {
            "address": null,
            "allocation_id": "eipalloc-0c33c8ecf6d5d9ad2",
            "associate_with_private_ip": null,
            "association_id": "eipassoc-07524f933d0c3e650",
            "carrier_ip": "",
            "customer_owned_ip": "",
            "customer_owned_ipv4_pool": "",
            "domain": "vpc",
            "id": "eipalloc-0c33c8ecf6d5d9ad2",
            "instance": "",
            "network_border_group": "us-east-1",
            "network_interface": "eni-02b51e919aaa93053",
            "private_dns": "ip-10-0-1-17.ec2.internal",
            "private_ip": "10.0.1.17",
            "public_dns": "ec2-54-197-104-190.compute-1.amazonaws.com",
            "public_ip": "54.197.104.190",
            "public_ipv4_pool": "amazon",
            "tags": {},
            "tags_all": {},
            "timeouts": null,
            "vpc": true
          },
          "sensitive_attributes": [],
          "private": "eyJlMmJmYjczMC1lY2FhLTExZTYtOGY4OC0zNDM2M2JjN2M0YzAiOnsiZGVsZXRlIjoxODAwMDAwMDAwMDAsInJlYWQiOjkwMDAwMDAwMDAwMCwidXBkYXRlIjozMDAwMDAwMDAwMDB9fQ=="
        }
      ]
    },
    {
      "mode": "managed",
      "type": "aws_eip",
      "name": "eip_2",
      "provider": "provider[\"registry.terraform.io/hashicorp/aws\"]",
      "instances": [
        {
          "index_key": 0,
          "schema_version": 0,
          "attributes": {
            "address": null,
            "allocation_id": "eipalloc-055f24e2797349061",
            "associate_with_private_ip": null,
            "association_id": "eipassoc-0c4e751ff6b66d792",
            "carrier_ip": "",
            "customer_owned_ip": "",
            "customer_owned_ipv4_pool": "",
            "domain": "vpc",
            "id": "eipalloc-055f24e2797349061",
            "instance": "",
            "network_border_group": "us-east-1",
            "network_interface": "eni-0dd657dc77a750ca4",
            "private_dns": "ip-10-0-2-87.ec2.internal",
            "private_ip": "10.0.2.87",
            "public_dns": "ec2-44-193-129-38.compute-1.amazonaws.com",
            "public_ip": "44.193.129.38",
            "public_ipv4_pool": "amazon",
            "tags": {},
            "tags_all": {},
            "timeouts": null,
            "vpc": true
          },
          "sensitive_attributes": [],
          "private": "eyJlMmJmYjczMC1lY2FhLTExZTYtOGY4OC0zNDM2M2JjN2M0YzAiOnsiZGVsZXRlIjoxODAwMDAwMDAwMDAsInJlYWQiOjkwMDAwMDAwMDAwMCwidXBkYXRlIjozMDAwMDAwMDAwMDB9fQ=="
        }
      ]
    },
    {
      "mode": "managed",
      "type": "aws_instance",
      "name": "terraform_ec2",
      "provider": "provider[\"registry.terraform.io/hashicorp/aws\"]",
      "instances": [
        {
          "index_key": 0,
          "schema_version": 1,
          "attributes": {
            "ami": "ami-048f6ed62451373d9",
            "arn": "arn:aws:ec2:us-east-1:231691540352:instance/i-012c3be9524cf20dd",
            "associate_public_ip_address": true,
            "availability_zone": "us-east-1c",
            "capacity_reservation_specification": [
              {
                "capacity_reservation_preference": "open",
                "capacity_reservation_target": []
              }
            ],
            "cpu_core_count": 1,
            "cpu_options": [
              {
                "amd_sev_snp": "",
                "core_count": 1,
                "threads_per_core": 1
              }
            ],
            "cpu_threads_per_core": 1,
            "credit_specification": [
              {
                "cpu_credits": "standard"
              }
            ],
            "disable_api_stop": false,
            "disable_api_termination": false,
            "ebs_block_device": [],
            "ebs_optimized": false,
            "enclave_options": [
              {
                "enabled": false
              }
            ],
            "ephemeral_block_device": [],
            "get_password_data": false,
            "hibernation": false,
            "host_id": "",
            "host_resource_group_arn": null,
            "iam_instance_profile": "",
            "id": "i-012c3be9524cf20dd",
            "instance_initiated_shutdown_behavior": "stop",
            "instance_lifecycle": "",
            "instance_market_options": [],
            "instance_state": "running",
            "instance_type": "t2.micro",
            "ipv6_address_count": 0,
            "ipv6_addresses": [],
            "key_name": "terraform_vpc_key",
            "launch_template": [],
            "maintenance_options": [
              {
                "auto_recovery": "default"
              }
            ],
            "metadata_options": [
              {
                "http_endpoint": "enabled",
                "http_protocol_ipv6": "disabled",
                "http_put_response_hop_limit": 1,
                "http_tokens": "optional",
                "instance_metadata_tags": "disabled"
              }
            ],
            "monitoring": false,
            "network_interface": [],
            "outpost_arn": "",
            "password_data": "",
            "placement_group": "",
            "placement_partition_number": 0,
            "primary_network_interface_id": "eni-0e2ef1c28c15753f4",
            "private_dns": "ip-10-0-1-78.ec2.internal",
            "private_dns_name_options": [
              {
                "enable_resource_name_dns_a_record": false,
                "enable_resource_name_dns_aaaa_record": false,
                "hostname_type": "ip-name"
              }
            ],
            "private_ip": "10.0.1.78",
            "public_dns": "",
            "public_ip": "54.91.234.124",
            "root_block_device": [
              {
                "delete_on_termination": true,
                "device_name": "/dev/xvda",
                "encrypted": false,
                "iops": 100,
                "kms_key_id": "",
                "tags": {},
                "throughput": 0,
                "volume_id": "vol-034a89650c0b47c55",
                "volume_size": 8,
                "volume_type": "gp2"
              }
            ],
            "secondary_private_ips": [],
            "security_groups": [],
            "source_dest_check": true,
            "spot_instance_request_id": "",
            "subnet_id": "subnet-0460d41e381cb6819",
            "tags": {},
            "tags_all": {},
            "tenancy": "default",
            "timeouts": null,
            "user_data": null,
            "user_data_base64": null,
            "user_data_replace_on_change": false,
            "volume_tags": null,
            "vpc_security_group_ids": [
              "sg-0dddc0d6c2e960ea7"
            ]
          },
          "sensitive_attributes": [],
          "private": "eyJlMmJmYjczMC1lY2FhLTExZTYtOGY4OC0zNDM2M2JjN2M0YzAiOnsiY3JlYXRlIjo2MDAwMDAwMDAwMDAsImRlbGV0ZSI6MTIwMDAwMDAwMDAwMCwidXBkYXRlIjo2MDAwMDAwMDAwMDB9LCJzY2hlbWFfdmVyc2lvbiI6IjEifQ==",
          "dependencies": [
            "aws_key_pair.ec2_key",
            "aws_security_group.ec2_sg",
            "aws_subnet.public_subnet_1",
            "aws_subnet.public_subnet_2",
            "aws_vpc.terraform_vpc",
            "tls_private_key.public_key"
          ]
        },
        {
          "index_key": 1,
          "schema_version": 1,
          "attributes": {
            "ami": "ami-048f6ed62451373d9",
            "arn": "arn:aws:ec2:us-east-1:231691540352:instance/i-05d2fa195ff95bff7",
            "associate_public_ip_address": true,
            "availability_zone": "us-east-1c",
            "capacity_reservation_specification": [
              {
                "capacity_reservation_preference": "open",
                "capacity_reservation_target": []
              }
            ],
            "cpu_core_count": 1,
            "cpu_options": [
              {
                "amd_sev_snp": "",
                "core_count": 1,
                "threads_per_core": 1
              }
            ],
            "cpu_threads_per_core": 1,
            "credit_specification": [
              {
                "cpu_credits": "standard"
              }
            ],
            "disable_api_stop": false,
            "disable_api_termination": false,
            "ebs_block_device": [],
            "ebs_optimized": false,
            "enclave_options": [
              {
                "enabled": false
              }
            ],
            "ephemeral_block_device": [],
            "get_password_data": false,
            "hibernation": false,
            "host_id": "",
            "host_resource_group_arn": null,
            "iam_instance_profile": "",
            "id": "i-05d2fa195ff95bff7",
            "instance_initiated_shutdown_behavior": "stop",
            "instance_lifecycle": "",
            "instance_market_options": [],
            "instance_state": "running",
            "instance_type": "t2.micro",
            "ipv6_address_count": 0,
            "ipv6_addresses": [],
            "key_name": "terraform_vpc_key",
            "launch_template": [],
            "maintenance_options": [
              {
                "auto_recovery": "default"
              }
            ],
            "metadata_options": [
              {
                "http_endpoint": "enabled",
                "http_protocol_ipv6": "disabled",
                "http_put_response_hop_limit": 1,
                "http_tokens": "optional",
                "instance_metadata_tags": "disabled"
              }
            ],
            "monitoring": false,
            "network_interface": [],
            "outpost_arn": "",
            "password_data": "",
            "placement_group": "",
            "placement_partition_number": 0,
            "primary_network_interface_id": "eni-0c4cfd9d720f318b5",
            "private_dns": "ip-10-0-1-203.ec2.internal",
            "private_dns_name_options": [
              {
                "enable_resource_name_dns_a_record": false,
                "enable_resource_name_dns_aaaa_record": false,
                "hostname_type": "ip-name"
              }
            ],
            "private_ip": "10.0.1.203",
            "public_dns": "",
            "public_ip": "34.204.49.14",
            "root_block_device": [
              {
                "delete_on_termination": true,
                "device_name": "/dev/xvda",
                "encrypted": false,
                "iops": 100,
                "kms_key_id": "",
                "tags": {},
                "throughput": 0,
                "volume_id": "vol-027741d9ff5ff6350",
                "volume_size": 8,
                "volume_type": "gp2"
              }
            ],
            "secondary_private_ips": [],
            "security_groups": [],
            "source_dest_check": true,
            "spot_instance_request_id": "",
            "subnet_id": "subnet-0460d41e381cb6819",
            "tags": {},
            "tags_all": {},
            "tenancy": "default",
            "timeouts": null,
            "user_data": null,
            "user_data_base64": null,
            "user_data_replace_on_change": false,
            "volume_tags": null,
            "vpc_security_group_ids": [
              "sg-0dddc0d6c2e960ea7"
            ]
          },
          "sensitive_attributes": [],
          "private": "eyJlMmJmYjczMC1lY2FhLTExZTYtOGY4OC0zNDM2M2JjN2M0YzAiOnsiY3JlYXRlIjo2MDAwMDAwMDAwMDAsImRlbGV0ZSI6MTIwMDAwMDAwMDAwMCwidXBkYXRlIjo2MDAwMDAwMDAwMDB9LCJzY2hlbWFfdmVyc2lvbiI6IjEifQ==",
          "dependencies": [
            "aws_key_pair.ec2_key",
            "aws_security_group.ec2_sg",
            "aws_subnet.public_subnet_1",
            "aws_subnet.public_subnet_2",
            "aws_vpc.terraform_vpc",
            "tls_private_key.public_key"
          ]
        }
      ]
    },
    {
      "mode": "managed",
      "type": "aws_internet_gateway",
      "name": "default",
      "provider": "provider[\"registry.terraform.io/hashicorp/aws\"]",
      "instances": [
        {
          "schema_version": 0,
          "attributes": {
            "arn": "arn:aws:ec2:us-east-1:231691540352:internet-gateway/igw-02196ec0365184589",
            "id": "igw-02196ec0365184589",
            "owner_id": "231691540352",
            "tags": {},
            "tags_all": {},
            "timeouts": null,
            "vpc_id": "vpc-0790f77bfd6b79642"
          },
          "sensitive_attributes": [],
          "private": "eyJlMmJmYjczMC1lY2FhLTExZTYtOGY4OC0zNDM2M2JjN2M0YzAiOnsiY3JlYXRlIjoxMjAwMDAwMDAwMDAwLCJkZWxldGUiOjEyMDAwMDAwMDAwMDAsInVwZGF0ZSI6MTIwMDAwMDAwMDAwMH19",
          "dependencies": [
            "aws_vpc.terraform_vpc"
          ]
        }
      ]
    },
    {
      "mode": "managed",
      "type": "aws_key_pair",
      "name": "ec2_key",
      "provider": "provider[\"registry.terraform.io/hashicorp/aws\"]",
      "instances": [
        {
          "schema_version": 1,
          "attributes": {
            "arn": "arn:aws:ec2:us-east-1:231691540352:key-pair/terraform_vpc_key",
            "fingerprint": "f8:52:ec:b6:bb:87:d5:42:3d:91:77:6f:f6:08:70:a6",
            "id": "terraform_vpc_key",
            "key_name": "terraform_vpc_key",
            "key_name_prefix": "",
            "key_pair_id": "key-063730a2a6afd8872",
            "key_type": "rsa",
            "public_key": "ssh-rsa AAAAB3NzaC1yc2EAAAADAQABAAACAQDgh4TAPwgxEWOZSTyggelIzv2pu9VOAxj1fPbY7dAufPxM4Tn2Hbq30AH3hKmvwVlQwcB0nMXXShVLJAbGl6mbRXXppenvocQG5p964JEO3l+Rjk0Dlv8ZpPaMwGDvtVzqO4KUfC0xJIMl8MZ8527YIVmV9IVVEkkF17nYWVVCS1GZlkKrCNnFOCXCZM6Av9eeNzGNg8Ze6NyWJGNA2o/YYXGXphxLjYtfPd0z1CPsBKTYXK1MLL7p9VzYliptbAZZ/7JT7lYjMRgbgocetTcNALqijMNlMOWPjuheW6xjWg0nv6t39jU1PgN3QsqBornN8YOWuON1lIec0T4/CxB9MqGqhqIBgINH8ZYhMvaDiNOtsH95yhdYe+lyHmZ75t86IiTZqI0HfWmIL6urZ/HNTgt8kvMcquXgVPnrLkUlrjbuvMa/EEQowGH2EJaQsbQTgJOI30x3t2/6Xut6D4O4K74Q8fl7CvyDTosWRRDL/+6uh0GAymLx7Esgg0H9tRQr2ydQNlDHcKM0OLEEeV0XZAU997N/bG9TzVKiwuZcxRzItTgTNC0sAt0NIFh4WVbVIbCTxop7Cn6lAAC8qnLpPsYYcMpymbGc+2TOsaMaG6bP4jhlhRJykCWIu452w710/yTQeet4qGUzt70k8G4EepPO4V2/BfV8X5ClwhZExw==",
            "tags": {},
            "tags_all": {}
          },
          "sensitive_attributes": [],
          "private": "eyJzY2hlbWFfdmVyc2lvbiI6IjEifQ==",
          "dependencies": [
            "tls_private_key.public_key"
          ]
        }
      ]
    },
    {
      "mode": "managed",
      "type": "aws_lb",
      "name": "alb",
      "provider": "provider[\"registry.terraform.io/hashicorp/aws\"]",
      "instances": [
        {
          "schema_version": 0,
          "attributes": {
            "access_logs": [
              {
                "bucket": "",
                "enabled": false,
                "prefix": ""
              }
            ],
            "arn": "arn:aws:elasticloadbalancing:us-east-1:231691540352:loadbalancer/app/alb/225439f7bf6c69fb",
            "arn_suffix": "app/alb/225439f7bf6c69fb",
            "connection_logs": [
              {
                "bucket": "",
                "enabled": false,
                "prefix": ""
              }
            ],
            "customer_owned_ipv4_pool": "",
            "desync_mitigation_mode": "defensive",
            "dns_name": "alb-2061558851.us-east-1.elb.amazonaws.com",
            "dns_record_client_routing_policy": null,
            "drop_invalid_header_fields": false,
            "enable_cross_zone_load_balancing": true,
            "enable_deletion_protection": false,
            "enable_http2": true,
            "enable_tls_version_and_cipher_suite_headers": false,
            "enable_waf_fail_open": false,
            "enable_xff_client_port": false,
            "enforce_security_group_inbound_rules_on_private_link_traffic": "",
            "id": "arn:aws:elasticloadbalancing:us-east-1:231691540352:loadbalancer/app/alb/225439f7bf6c69fb",
            "idle_timeout": 60,
            "internal": false,
            "ip_address_type": "ipv4",
            "load_balancer_type": "application",
            "name": "alb",
            "name_prefix": "",
            "preserve_host_header": false,
            "security_groups": [
              "sg-0dddc0d6c2e960ea7"
            ],
            "subnet_mapping": [
              {
                "allocation_id": "",
                "ipv6_address": "",
                "outpost_id": "",
                "private_ipv4_address": "",
                "subnet_id": "subnet-0460d41e381cb6819"
              },
              {
                "allocation_id": "",
                "ipv6_address": "",
                "outpost_id": "",
                "private_ipv4_address": "",
                "subnet_id": "subnet-0e6a73a3d0b8dbf60"
              }
            ],
            "subnets": [
              "subnet-0460d41e381cb6819",
              "subnet-0e6a73a3d0b8dbf60"
            ],
            "tags": {
              "Environment": "test"
            },
            "tags_all": {
              "Environment": "test"
            },
            "timeouts": null,
            "vpc_id": "vpc-0790f77bfd6b79642",
            "xff_header_processing_mode": "append",
            "zone_id": "Z35SXDOTRQ7X7K"
          },
          "sensitive_attributes": [],
          "private": "eyJlMmJmYjczMC1lY2FhLTExZTYtOGY4OC0zNDM2M2JjN2M0YzAiOnsiY3JlYXRlIjo2MDAwMDAwMDAwMDAsImRlbGV0ZSI6NjAwMDAwMDAwMDAwLCJ1cGRhdGUiOjYwMDAwMDAwMDAwMH19",
          "dependencies": [
            "aws_security_group.ec2_sg",
            "aws_subnet.public_subnet_1",
            "aws_subnet.public_subnet_2",
            "aws_vpc.terraform_vpc"
          ]
        }
      ]
    },
    {
      "mode": "managed",
      "type": "aws_nat_gateway",
      "name": "natgateway_1",
      "provider": "provider[\"registry.terraform.io/hashicorp/aws\"]",
      "instances": [
        {
          "index_key": 0,
          "schema_version": 0,
          "attributes": {
            "allocation_id": "eipalloc-0c33c8ecf6d5d9ad2",
            "association_id": "eipassoc-07524f933d0c3e650",
            "connectivity_type": "public",
            "id": "nat-08c26f22865096f64",
            "network_interface_id": "eni-02b51e919aaa93053",
            "private_ip": "10.0.1.17",
            "public_ip": "54.197.104.190",
            "secondary_allocation_ids": [],
            "secondary_private_ip_address_count": 0,
            "secondary_private_ip_addresses": [],
            "subnet_id": "subnet-0460d41e381cb6819",
            "tags": {},
            "tags_all": {},
            "timeouts": null
          },
          "sensitive_attributes": [],
          "private": "eyJlMmJmYjczMC1lY2FhLTExZTYtOGY4OC0zNDM2M2JjN2M0YzAiOnsiY3JlYXRlIjo2MDAwMDAwMDAwMDAsImRlbGV0ZSI6MTgwMDAwMDAwMDAwMCwidXBkYXRlIjo2MDAwMDAwMDAwMDB9fQ==",
          "dependencies": [
            "aws_eip.eip_1",
            "aws_subnet.public_subnet_1",
            "aws_vpc.terraform_vpc"
          ]
        }
      ]
    },
    {
      "mode": "managed",
      "type": "aws_nat_gateway",
      "name": "natgateway_2",
      "provider": "provider[\"registry.terraform.io/hashicorp/aws\"]",
      "instances": [
        {
          "index_key": 0,
          "schema_version": 0,
          "attributes": {
            "allocation_id": "eipalloc-055f24e2797349061",
            "association_id": "eipassoc-0c4e751ff6b66d792",
            "connectivity_type": "public",
            "id": "nat-05da281b02c4cb295",
            "network_interface_id": "eni-0dd657dc77a750ca4",
            "private_ip": "10.0.2.87",
            "public_ip": "44.193.129.38",
            "secondary_allocation_ids": [],
            "secondary_private_ip_address_count": 0,
            "secondary_private_ip_addresses": [],
            "subnet_id": "subnet-0e6a73a3d0b8dbf60",
            "tags": {},
            "tags_all": {},
            "timeouts": null
          },
          "sensitive_attributes": [],
          "private": "eyJlMmJmYjczMC1lY2FhLTExZTYtOGY4OC0zNDM2M2JjN2M0YzAiOnsiY3JlYXRlIjo2MDAwMDAwMDAwMDAsImRlbGV0ZSI6MTgwMDAwMDAwMDAwMCwidXBkYXRlIjo2MDAwMDAwMDAwMDB9fQ==",
          "dependencies": [
            "aws_eip.eip_2",
            "aws_subnet.public_subnet_2",
            "aws_vpc.terraform_vpc"
          ]
        }
      ]
    },
    {
      "mode": "managed",
      "type": "aws_route_table",
      "name": "nategateway_route_table_1",
      "provider": "provider[\"registry.terraform.io/hashicorp/aws\"]",
      "instances": [
        {
          "index_key": 0,
          "schema_version": 0,
          "attributes": {
            "arn": "arn:aws:ec2:us-east-1:231691540352:route-table/rtb-08894abdd2873429c",
            "id": "rtb-08894abdd2873429c",
            "owner_id": "231691540352",
            "propagating_vgws": [],
            "route": [
              {
                "carrier_gateway_id": "",
                "cidr_block": "0.0.0.0/0",
                "core_network_arn": "",
                "destination_prefix_list_id": "",
                "egress_only_gateway_id": "",
                "gateway_id": "",
                "ipv6_cidr_block": "",
                "local_gateway_id": "",
                "nat_gateway_id": "nat-08c26f22865096f64",
                "network_interface_id": "",
                "transit_gateway_id": "",
                "vpc_endpoint_id": "",
                "vpc_peering_connection_id": ""
              }
            ],
            "tags": {
              "Name": "tagkey_name_natgateway_route_table_1"
            },
            "tags_all": {
              "Name": "tagkey_name_natgateway_route_table_1"
            },
            "timeouts": null,
            "vpc_id": "vpc-0790f77bfd6b79642"
          },
          "sensitive_attributes": [],
          "private": "eyJlMmJmYjczMC1lY2FhLTExZTYtOGY4OC0zNDM2M2JjN2M0YzAiOnsiY3JlYXRlIjozMDAwMDAwMDAwMDAsImRlbGV0ZSI6MzAwMDAwMDAwMDAwLCJ1cGRhdGUiOjEyMDAwMDAwMDAwMH19",
          "dependencies": [
            "aws_eip.eip_1",
            "aws_nat_gateway.natgateway_1",
            "aws_subnet.public_subnet_1",
            "aws_vpc.terraform_vpc"
          ]
        }
      ]
    },
    {
      "mode": "managed",
      "type": "aws_route_table",
      "name": "nategateway_route_table_2",
      "provider": "provider[\"registry.terraform.io/hashicorp/aws\"]",
      "instances": [
        {
          "index_key": 0,
          "schema_version": 0,
          "attributes": {
            "arn": "arn:aws:ec2:us-east-1:231691540352:route-table/rtb-05dfafd4f9247330f",
            "id": "rtb-05dfafd4f9247330f",
            "owner_id": "231691540352",
            "propagating_vgws": [],
            "route": [
              {
                "carrier_gateway_id": "",
                "cidr_block": "0.0.0.0/0",
                "core_network_arn": "",
                "destination_prefix_list_id": "",
                "egress_only_gateway_id": "",
                "gateway_id": "",
                "ipv6_cidr_block": "",
                "local_gateway_id": "",
                "nat_gateway_id": "nat-05da281b02c4cb295",
                "network_interface_id": "",
                "transit_gateway_id": "",
                "vpc_endpoint_id": "",
                "vpc_peering_connection_id": ""
              }
            ],
            "tags": {
              "Name": "tagkey_name_natgateway_route_table_2"
            },
            "tags_all": {
              "Name": "tagkey_name_natgateway_route_table_2"
            },
            "timeouts": null,
            "vpc_id": "vpc-0790f77bfd6b79642"
          },
          "sensitive_attributes": [],
          "private": "eyJlMmJmYjczMC1lY2FhLTExZTYtOGY4OC0zNDM2M2JjN2M0YzAiOnsiY3JlYXRlIjozMDAwMDAwMDAwMDAsImRlbGV0ZSI6MzAwMDAwMDAwMDAwLCJ1cGRhdGUiOjEyMDAwMDAwMDAwMH19",
          "dependencies": [
            "aws_eip.eip_2",
            "aws_nat_gateway.natgateway_2",
            "aws_subnet.public_subnet_2",
            "aws_vpc.terraform_vpc"
          ]
        }
      ]
    },
    {
      "mode": "managed",
      "type": "aws_route_table",
      "name": "public_subnet_1_to_internet",
      "provider": "provider[\"registry.terraform.io/hashicorp/aws\"]",
      "instances": [
        {
          "schema_version": 0,
          "attributes": {
            "arn": "arn:aws:ec2:us-east-1:231691540352:route-table/rtb-03612dc8fc7f36fb3",
            "id": "rtb-03612dc8fc7f36fb3",
            "owner_id": "231691540352",
            "propagating_vgws": [],
            "route": [
              {
                "carrier_gateway_id": "",
                "cidr_block": "0.0.0.0/0",
                "core_network_arn": "",
                "destination_prefix_list_id": "",
                "egress_only_gateway_id": "",
                "gateway_id": "igw-02196ec0365184589",
                "ipv6_cidr_block": "",
                "local_gateway_id": "",
                "nat_gateway_id": "",
                "network_interface_id": "",
                "transit_gateway_id": "",
                "vpc_endpoint_id": "",
                "vpc_peering_connection_id": ""
              }
            ],
            "tags": {
              "Name": "public_route_table_1"
            },
            "tags_all": {
              "Name": "public_route_table_1"
            },
            "timeouts": null,
            "vpc_id": "vpc-0790f77bfd6b79642"
          },
          "sensitive_attributes": [],
          "private": "eyJlMmJmYjczMC1lY2FhLTExZTYtOGY4OC0zNDM2M2JjN2M0YzAiOnsiY3JlYXRlIjozMDAwMDAwMDAwMDAsImRlbGV0ZSI6MzAwMDAwMDAwMDAwLCJ1cGRhdGUiOjEyMDAwMDAwMDAwMH19",
          "dependencies": [
            "aws_internet_gateway.default",
            "aws_vpc.terraform_vpc"
          ]
        }
      ]
    },
    {
      "mode": "managed",
      "type": "aws_route_table",
      "name": "public_subnet_2_to_internet",
      "provider": "provider[\"registry.terraform.io/hashicorp/aws\"]",
      "instances": [
        {
          "schema_version": 0,
          "attributes": {
            "arn": "arn:aws:ec2:us-east-1:231691540352:route-table/rtb-05db8d65e9a48f044",
            "id": "rtb-05db8d65e9a48f044",
            "owner_id": "231691540352",
            "propagating_vgws": [],
            "route": [
              {
                "carrier_gateway_id": "",
                "cidr_block": "0.0.0.0/0",
                "core_network_arn": "",
                "destination_prefix_list_id": "",
                "egress_only_gateway_id": "",
                "gateway_id": "igw-02196ec0365184589",
                "ipv6_cidr_block": "",
                "local_gateway_id": "",
                "nat_gateway_id": "",
                "network_interface_id": "",
                "transit_gateway_id": "",
                "vpc_endpoint_id": "",
                "vpc_peering_connection_id": ""
              }
            ],
            "tags": {
              "Name": "public_route_table_2"
            },
            "tags_all": {
              "Name": "public_route_table_2"
            },
            "timeouts": null,
            "vpc_id": "vpc-0790f77bfd6b79642"
          },
          "sensitive_attributes": [],
          "private": "eyJlMmJmYjczMC1lY2FhLTExZTYtOGY4OC0zNDM2M2JjN2M0YzAiOnsiY3JlYXRlIjozMDAwMDAwMDAwMDAsImRlbGV0ZSI6MzAwMDAwMDAwMDAwLCJ1cGRhdGUiOjEyMDAwMDAwMDAwMH19",
          "dependencies": [
            "aws_internet_gateway.default",
            "aws_vpc.terraform_vpc"
          ]
        }
      ]
    },
    {
      "mode": "managed",
      "type": "aws_route_table_association",
      "name": "internet_for_public_subnet_1",
      "provider": "provider[\"registry.terraform.io/hashicorp/aws\"]",
      "instances": [
        {
          "schema_version": 0,
          "attributes": {
            "gateway_id": "",
            "id": "rtbassoc-0a1dccbf0dc054506",
            "route_table_id": "rtb-03612dc8fc7f36fb3",
            "subnet_id": "subnet-0460d41e381cb6819",
            "timeouts": null
          },
          "sensitive_attributes": [],
          "private": "eyJlMmJmYjczMC1lY2FhLTExZTYtOGY4OC0zNDM2M2JjN2M0YzAiOnsiY3JlYXRlIjozMDAwMDAwMDAwMDAsImRlbGV0ZSI6MzAwMDAwMDAwMDAwLCJ1cGRhdGUiOjEyMDAwMDAwMDAwMH19",
          "dependencies": [
            "aws_internet_gateway.default",
            "aws_route_table.public_subnet_1_to_internet",
            "aws_subnet.public_subnet_1",
            "aws_vpc.terraform_vpc"
          ]
        }
      ]
    },
    {
      "mode": "managed",
      "type": "aws_route_table_association",
      "name": "internet_for_public_subnet_2",
      "provider": "provider[\"registry.terraform.io/hashicorp/aws\"]",
      "instances": [
        {
          "schema_version": 0,
          "attributes": {
            "gateway_id": "",
            "id": "rtbassoc-00f1224e0be291b85",
            "route_table_id": "rtb-05db8d65e9a48f044",
            "subnet_id": "subnet-0e6a73a3d0b8dbf60",
            "timeouts": null
          },
          "sensitive_attributes": [],
          "private": "eyJlMmJmYjczMC1lY2FhLTExZTYtOGY4OC0zNDM2M2JjN2M0YzAiOnsiY3JlYXRlIjozMDAwMDAwMDAwMDAsImRlbGV0ZSI6MzAwMDAwMDAwMDAwLCJ1cGRhdGUiOjEyMDAwMDAwMDAwMH19",
          "dependencies": [
            "aws_internet_gateway.default",
            "aws_route_table.public_subnet_2_to_internet",
            "aws_subnet.public_subnet_2",
            "aws_vpc.terraform_vpc"
          ]
        }
      ]
    },
    {
      "mode": "managed",
      "type": "aws_route_table_association",
      "name": "private_subnet_1_to_natgateway",
      "provider": "provider[\"registry.terraform.io/hashicorp/aws\"]",
      "instances": [
        {
          "index_key": 0,
          "schema_version": 0,
          "attributes": {
            "gateway_id": "",
            "id": "rtbassoc-0f98c7e2df936c35f",
            "route_table_id": "rtb-08894abdd2873429c",
            "subnet_id": "subnet-0e3b17b9212047d9f",
            "timeouts": null
          },
          "sensitive_attributes": [],
          "private": "eyJlMmJmYjczMC1lY2FhLTExZTYtOGY4OC0zNDM2M2JjN2M0YzAiOnsiY3JlYXRlIjozMDAwMDAwMDAwMDAsImRlbGV0ZSI6MzAwMDAwMDAwMDAwLCJ1cGRhdGUiOjEyMDAwMDAwMDAwMH19",
          "dependencies": [
            "aws_eip.eip_1",
            "aws_nat_gateway.natgateway_1",
            "aws_route_table.nategateway_route_table_1",
            "aws_subnet.private_subnet_1",
            "aws_subnet.public_subnet_1",
            "aws_vpc.terraform_vpc"
          ]
        }
      ]
    },
    {
      "mode": "managed",
      "type": "aws_route_table_association",
      "name": "private_subnet_2_to_natgateway",
      "provider": "provider[\"registry.terraform.io/hashicorp/aws\"]",
      "instances": [
        {
          "index_key": 0,
          "schema_version": 0,
          "attributes": {
            "gateway_id": "",
            "id": "rtbassoc-0d1d01e490a30b212",
            "route_table_id": "rtb-05dfafd4f9247330f",
            "subnet_id": "subnet-09553a94ef9ced596",
            "timeouts": null
          },
          "sensitive_attributes": [],
          "private": "eyJlMmJmYjczMC1lY2FhLTExZTYtOGY4OC0zNDM2M2JjN2M0YzAiOnsiY3JlYXRlIjozMDAwMDAwMDAwMDAsImRlbGV0ZSI6MzAwMDAwMDAwMDAwLCJ1cGRhdGUiOjEyMDAwMDAwMDAwMH19",
          "dependencies": [
            "aws_eip.eip_2",
            "aws_nat_gateway.natgateway_2",
            "aws_route_table.nategateway_route_table_2",
            "aws_subnet.private_subnet_2",
            "aws_subnet.public_subnet_2",
            "aws_vpc.terraform_vpc"
          ]
        }
      ]
    },
    {
      "mode": "managed",
      "type": "aws_security_group",
      "name": "ec2_sg",
      "provider": "provider[\"registry.terraform.io/hashicorp/aws\"]",
      "instances": [
        {
          "schema_version": 1,
          "attributes": {
            "arn": "arn:aws:ec2:us-east-1:231691540352:security-group/sg-0dddc0d6c2e960ea7",
            "description": "security group of ec2",
            "egress": [
              {
                "cidr_blocks": [
                  "0.0.0.0/0"
                ],
                "description": "",
                "from_port": 0,
                "ipv6_cidr_blocks": [],
                "prefix_list_ids": [],
                "protocol": "-1",
                "security_groups": [],
                "self": false,
                "to_port": 0
              }
            ],
            "id": "sg-0dddc0d6c2e960ea7",
            "ingress": [
              {
                "cidr_blocks": [
                  "72.137.76.221/32"
                ],
                "description": "SSH",
                "from_port": 22,
                "ipv6_cidr_blocks": [],
                "prefix_list_ids": [],
                "protocol": "tcp",
                "security_groups": [],
                "self": false,
                "to_port": 22
              }
            ],
            "name": "ec2_sg",
            "name_prefix": "",
            "owner_id": "231691540352",
            "revoke_rules_on_delete": false,
            "tags": {
              "Name": "ec_sg"
            },
            "tags_all": {
              "Name": "ec_sg"
            },
            "timeouts": null,
            "vpc_id": "vpc-0790f77bfd6b79642"
          },
          "sensitive_attributes": [],
          "private": "eyJlMmJmYjczMC1lY2FhLTExZTYtOGY4OC0zNDM2M2JjN2M0YzAiOnsiY3JlYXRlIjo2MDAwMDAwMDAwMDAsImRlbGV0ZSI6OTAwMDAwMDAwMDAwfSwic2NoZW1hX3ZlcnNpb24iOiIxIn0=",
          "dependencies": [
            "aws_vpc.terraform_vpc"
          ]
        }
      ]
    },
    {
      "mode": "managed",
      "type": "aws_security_group",
      "name": "rds_sg",
      "provider": "provider[\"registry.terraform.io/hashicorp/aws\"]",
      "instances": [
        {
          "schema_version": 1,
          "attributes": {
            "arn": "arn:aws:ec2:us-east-1:231691540352:security-group/sg-09bda7ba357e7e183",
            "description": "security group of rds mysql",
            "egress": [
              {
                "cidr_blocks": [
                  "0.0.0.0/0"
                ],
                "description": "",
                "from_port": 0,
                "ipv6_cidr_blocks": [],
                "prefix_list_ids": [],
                "protocol": "-1",
                "security_groups": [],
                "self": false,
                "to_port": 0
              }
            ],
            "id": "sg-09bda7ba357e7e183",
            "ingress": [
              {
                "cidr_blocks": [
                  "10.0.1.78/32"
                ],
                "description": "MySQL",
                "from_port": 3306,
                "ipv6_cidr_blocks": [],
                "prefix_list_ids": [],
                "protocol": "tcp",
                "security_groups": [],
                "self": false,
                "to_port": 3306
              }
            ],
            "name": "rds_sg",
            "name_prefix": "",
            "owner_id": "231691540352",
            "revoke_rules_on_delete": false,
            "tags": {
              "Name": "rds_sg"
            },
            "tags_all": {
              "Name": "rds_sg"
            },
            "timeouts": null,
            "vpc_id": "vpc-0790f77bfd6b79642"
          },
          "sensitive_attributes": [],
          "private": "eyJlMmJmYjczMC1lY2FhLTExZTYtOGY4OC0zNDM2M2JjN2M0YzAiOnsiY3JlYXRlIjo2MDAwMDAwMDAwMDAsImRlbGV0ZSI6OTAwMDAwMDAwMDAwfSwic2NoZW1hX3ZlcnNpb24iOiIxIn0=",
          "dependencies": [
            "aws_instance.terraform_ec2",
            "aws_key_pair.ec2_key",
            "aws_security_group.ec2_sg",
            "aws_subnet.public_subnet_1",
            "aws_subnet.public_subnet_2",
            "aws_vpc.terraform_vpc",
            "tls_private_key.public_key"
          ]
        }
      ]
    },
    {
      "mode": "managed",
      "type": "aws_subnet",
      "name": "private_subnet_1",
      "provider": "provider[\"registry.terraform.io/hashicorp/aws\"]",
      "instances": [
        {
          "schema_version": 1,
          "attributes": {
            "arn": "arn:aws:ec2:us-east-1:231691540352:subnet/subnet-0e3b17b9212047d9f",
            "assign_ipv6_address_on_creation": false,
            "availability_zone": "us-east-1a",
            "availability_zone_id": "use1-az1",
            "cidr_block": "10.0.3.0/24",
            "customer_owned_ipv4_pool": "",
            "enable_dns64": false,
            "enable_lni_at_device_index": 0,
            "enable_resource_name_dns_a_record_on_launch": false,
            "enable_resource_name_dns_aaaa_record_on_launch": false,
            "id": "subnet-0e3b17b9212047d9f",
            "ipv6_cidr_block": "",
            "ipv6_cidr_block_association_id": "",
            "ipv6_native": false,
            "map_customer_owned_ip_on_launch": false,
            "map_public_ip_on_launch": false,
            "outpost_arn": "",
            "owner_id": "231691540352",
            "private_dns_hostname_type_on_launch": "ip-name",
            "tags": {
              "Name": "private_subnet_1_name"
            },
            "tags_all": {
              "Name": "private_subnet_1_name"
            },
            "timeouts": null,
            "vpc_id": "vpc-0790f77bfd6b79642"
          },
          "sensitive_attributes": [],
          "private": "eyJlMmJmYjczMC1lY2FhLTExZTYtOGY4OC0zNDM2M2JjN2M0YzAiOnsiY3JlYXRlIjo2MDAwMDAwMDAwMDAsImRlbGV0ZSI6MTIwMDAwMDAwMDAwMH0sInNjaGVtYV92ZXJzaW9uIjoiMSJ9",
          "dependencies": [
            "aws_vpc.terraform_vpc"
          ]
        }
      ]
    },
    {
      "mode": "managed",
      "type": "aws_subnet",
      "name": "private_subnet_2",
      "provider": "provider[\"registry.terraform.io/hashicorp/aws\"]",
      "instances": [
        {
          "schema_version": 1,
          "attributes": {
            "arn": "arn:aws:ec2:us-east-1:231691540352:subnet/subnet-09553a94ef9ced596",
            "assign_ipv6_address_on_creation": false,
            "availability_zone": "us-east-1b",
            "availability_zone_id": "use1-az2",
            "cidr_block": "10.0.4.0/24",
            "customer_owned_ipv4_pool": "",
            "enable_dns64": false,
            "enable_lni_at_device_index": 0,
            "enable_resource_name_dns_a_record_on_launch": false,
            "enable_resource_name_dns_aaaa_record_on_launch": false,
            "id": "subnet-09553a94ef9ced596",
            "ipv6_cidr_block": "",
            "ipv6_cidr_block_association_id": "",
            "ipv6_native": false,
            "map_customer_owned_ip_on_launch": false,
            "map_public_ip_on_launch": false,
            "outpost_arn": "",
            "owner_id": "231691540352",
            "private_dns_hostname_type_on_launch": "ip-name",
            "tags": {
              "Name": "private_subnet_2_name"
            },
            "tags_all": {
              "Name": "private_subnet_2_name"
            },
            "timeouts": null,
            "vpc_id": "vpc-0790f77bfd6b79642"
          },
          "sensitive_attributes": [],
          "private": "eyJlMmJmYjczMC1lY2FhLTExZTYtOGY4OC0zNDM2M2JjN2M0YzAiOnsiY3JlYXRlIjo2MDAwMDAwMDAwMDAsImRlbGV0ZSI6MTIwMDAwMDAwMDAwMH0sInNjaGVtYV92ZXJzaW9uIjoiMSJ9",
          "dependencies": [
            "aws_vpc.terraform_vpc"
          ]
        }
      ]
    },
    {
      "mode": "managed",
      "type": "aws_subnet",
      "name": "public_subnet_1",
      "provider": "provider[\"registry.terraform.io/hashicorp/aws\"]",
      "instances": [
        {
          "schema_version": 1,
          "attributes": {
            "arn": "arn:aws:ec2:us-east-1:231691540352:subnet/subnet-0460d41e381cb6819",
            "assign_ipv6_address_on_creation": false,
            "availability_zone": "us-east-1c",
            "availability_zone_id": "use1-az4",
            "cidr_block": "10.0.1.0/24",
            "customer_owned_ipv4_pool": "",
            "enable_dns64": false,
            "enable_lni_at_device_index": 0,
            "enable_resource_name_dns_a_record_on_launch": false,
            "enable_resource_name_dns_aaaa_record_on_launch": false,
            "id": "subnet-0460d41e381cb6819",
            "ipv6_cidr_block": "",
            "ipv6_cidr_block_association_id": "",
            "ipv6_native": false,
            "map_customer_owned_ip_on_launch": false,
            "map_public_ip_on_launch": false,
            "outpost_arn": "",
            "owner_id": "231691540352",
            "private_dns_hostname_type_on_launch": "ip-name",
            "tags": {
              "Name": "public_subnet_name_1"
            },
            "tags_all": {
              "Name": "public_subnet_name_1"
            },
            "timeouts": null,
            "vpc_id": "vpc-0790f77bfd6b79642"
          },
          "sensitive_attributes": [],
          "private": "eyJlMmJmYjczMC1lY2FhLTExZTYtOGY4OC0zNDM2M2JjN2M0YzAiOnsiY3JlYXRlIjo2MDAwMDAwMDAwMDAsImRlbGV0ZSI6MTIwMDAwMDAwMDAwMH0sInNjaGVtYV92ZXJzaW9uIjoiMSJ9",
          "dependencies": [
            "aws_vpc.terraform_vpc"
          ]
        }
      ]
    },
    {
      "mode": "managed",
      "type": "aws_subnet",
      "name": "public_subnet_2",
      "provider": "provider[\"registry.terraform.io/hashicorp/aws\"]",
      "instances": [
        {
          "schema_version": 1,
          "attributes": {
            "arn": "arn:aws:ec2:us-east-1:231691540352:subnet/subnet-0e6a73a3d0b8dbf60",
            "assign_ipv6_address_on_creation": false,
            "availability_zone": "us-east-1f",
            "availability_zone_id": "use1-az5",
            "cidr_block": "10.0.2.0/24",
            "customer_owned_ipv4_pool": "",
            "enable_dns64": false,
            "enable_lni_at_device_index": 0,
            "enable_resource_name_dns_a_record_on_launch": false,
            "enable_resource_name_dns_aaaa_record_on_launch": false,
            "id": "subnet-0e6a73a3d0b8dbf60",
            "ipv6_cidr_block": "",
            "ipv6_cidr_block_association_id": "",
            "ipv6_native": false,
            "map_customer_owned_ip_on_launch": false,
            "map_public_ip_on_launch": false,
            "outpost_arn": "",
            "owner_id": "231691540352",
            "private_dns_hostname_type_on_launch": "ip-name",
            "tags": {
              "Name": "mytest_public_subnet_name_2"
            },
            "tags_all": {
              "Name": "mytest_public_subnet_name_2"
            },
            "timeouts": null,
            "vpc_id": "vpc-0790f77bfd6b79642"
          },
          "sensitive_attributes": [],
          "private": "eyJlMmJmYjczMC1lY2FhLTExZTYtOGY4OC0zNDM2M2JjN2M0YzAiOnsiY3JlYXRlIjo2MDAwMDAwMDAwMDAsImRlbGV0ZSI6MTIwMDAwMDAwMDAwMH0sInNjaGVtYV92ZXJzaW9uIjoiMSJ9",
          "dependencies": [
            "aws_vpc.terraform_vpc"
          ]
        }
      ]
    },
    {
      "mode": "managed",
      "type": "aws_vpc",
      "name": "terraform_vpc",
      "provider": "provider[\"registry.terraform.io/hashicorp/aws\"]",
      "instances": [
        {
          "schema_version": 1,
          "attributes": {
            "arn": "arn:aws:ec2:us-east-1:231691540352:vpc/vpc-0790f77bfd6b79642",
            "assign_generated_ipv6_cidr_block": false,
            "cidr_block": "10.0.0.0/16",
            "default_network_acl_id": "acl-0549876b54a2736e3",
            "default_route_table_id": "rtb-0a25d1cae1bf46c2f",
            "default_security_group_id": "sg-06c45697bff79317c",
            "dhcp_options_id": "dopt-06e1c6bf115ce4533",
            "enable_dns_hostnames": false,
            "enable_dns_support": true,
            "enable_network_address_usage_metrics": false,
            "id": "vpc-0790f77bfd6b79642",
            "instance_tenancy": "default",
            "ipv4_ipam_pool_id": null,
            "ipv4_netmask_length": null,
            "ipv6_association_id": "",
            "ipv6_cidr_block": "",
            "ipv6_cidr_block_network_border_group": "",
            "ipv6_ipam_pool_id": "",
            "ipv6_netmask_length": 0,
            "main_route_table_id": "rtb-0a25d1cae1bf46c2f",
            "owner_id": "231691540352",
            "tags": {
              "Name": "terraform_vpc"
            },
            "tags_all": {
              "Name": "terraform_vpc"
            }
          },
          "sensitive_attributes": [],
          "private": "eyJzY2hlbWFfdmVyc2lvbiI6IjEifQ=="
        }
      ]
    },
    {
      "mode": "managed",
      "type": "tls_private_key",
      "name": "public_key",
      "provider": "provider[\"registry.terraform.io/hashicorp/tls\"]",
      "instances": [
        {
          "schema_version": 1,
          "attributes": {
            "algorithm": "RSA",
            "ecdsa_curve": "P224",
            "id": "f100a0171d7e340b9e476d574085b5b67dc543e1",
            "private_key_openssh": "-----BEGIN OPENSSH PRIVATE KEY-----\nb3BlbnNzaC1rZXktdjEAAAAABG5vbmUAAAAEbm9uZQAAAAAAAAABAAACFwAAAAdz\nc2gtcnNhAAAAAwEAAQAAAgEA4IeEwD8IMRFjmUk8oIHpSM79qbvVTgMY9Xz22O3Q\nLnz8TOE59h26t9AB94Spr8FZUMHAdJzF10oVSyQGxpepm0V16aXp76HEBuafeuCR\nDt5fkY5NA5b/GaT2jMBg77Vc6juClHwtMSSDJfDGfOdu2CFZlfSFVRJJBde52FlV\nQktRmZZCqwjZxTglwmTOgL/XnjcxjYPGXujcliRjQNqP2GFxl6YcS42LXz3dM9Qj\n7ASk2FytTCy+6fVc2JYqbWwGWf+yU+5WIzEYG4KHHrU3DQC6oozDZTDlj47oXlus\nY1oNJ7+rd/Y1NT4Dd0LKgaK5zfGDlrjjdZSHnNE+PwsQfTKhqoaiAYCDR/GWITL2\ng4jTrbB/ecoXWHvpch5me+bfOiIk2aiNB31piC+rq2fxzU4LfJLzHKrl4FT56y5F\nJa427rzGvxBEKMBh9hCWkLG0E4CTiN9Md7dv+l7reg+DuCu+EPH5ewr8g06LFkUQ\ny//urodBgMpi8exLIINB/bUUK9snUDZQx3CjNDixBHldF2QFPfezf2xvU81SosLm\nXMUcyLU4EzQtLALdDSBYeFlW1SGwk8aKewp+pQAAvKpy6T7GGHDKcpmxnPtkzrGj\nGhumz+I4ZYUScpAliLuOdsO9dP8k0HnreKhlM7e9JPBuBHqTzuFdvwX1fF+QpcIW\nRMcAAAc4lPQVJZT0FSUAAAAHc3NoLXJzYQAAAgEA4IeEwD8IMRFjmUk8oIHpSM79\nqbvVTgMY9Xz22O3QLnz8TOE59h26t9AB94Spr8FZUMHAdJzF10oVSyQGxpepm0V1\n6aXp76HEBuafeuCRDt5fkY5NA5b/GaT2jMBg77Vc6juClHwtMSSDJfDGfOdu2CFZ\nlfSFVRJJBde52FlVQktRmZZCqwjZxTglwmTOgL/XnjcxjYPGXujcliRjQNqP2GFx\nl6YcS42LXz3dM9Qj7ASk2FytTCy+6fVc2JYqbWwGWf+yU+5WIzEYG4KHHrU3DQC6\noozDZTDlj47oXlusY1oNJ7+rd/Y1NT4Dd0LKgaK5zfGDlrjjdZSHnNE+PwsQfTKh\nqoaiAYCDR/GWITL2g4jTrbB/ecoXWHvpch5me+bfOiIk2aiNB31piC+rq2fxzU4L\nfJLzHKrl4FT56y5FJa427rzGvxBEKMBh9hCWkLG0E4CTiN9Md7dv+l7reg+DuCu+\nEPH5ewr8g06LFkUQy//urodBgMpi8exLIINB/bUUK9snUDZQx3CjNDixBHldF2QF\nPfezf2xvU81SosLmXMUcyLU4EzQtLALdDSBYeFlW1SGwk8aKewp+pQAAvKpy6T7G\nGHDKcpmxnPtkzrGjGhumz+I4ZYUScpAliLuOdsO9dP8k0HnreKhlM7e9JPBuBHqT\nzuFdvwX1fF+QpcIWRMcAAAADAQABAAACAHIXqvddkDYO1gOQWYReP0LGG9PiJJPN\nsyMbavv0bDMTQ8l1MVTE6pp40mcKPIeYwl/s9HTNLSMm/AcAuYi0jHTgKPifXG5u\nTwQKsMNp1Ywup3V5T90hH2PSlY4UO63TBPHpZ4M4TmaIXTQsU1Ao8gRVfgZbCF2g\nOwcDBebQDijvyPk4h4wNpUs4KsfLHbwCv/gfp8h3S5fy0BRjTSQpa6rSaTxcJkim\nFkpBT2QEynQmL/XZsh3hJuoPyiwsskaD+/5DlkRb+d1MFynze+G4x86NrkjnKmsD\nG8OFJMK95q1dlw25sdH1hDgX2P8DK5AQNkZWET3HmZ2n6flfwjea0bc491VV0KCL\nWFpRs4DcwgQBytKmnyUMssdT4St1LgLEZSWg3z1h/2JxS0IC+1GRaA0XX1dRgWks\n1KrorJc2LdTH4SCGealaIfwfjdYtFQ6yt2EIjl8YqF1ke5o1wp/BP3Tq1m1f6pgZ\n1AGp58sF7JnH05SUISqWBsQ4K8mmiy3YupkgevBgRB6qU/7b9Q4ys0IOHOXiNkwr\n8HNhcDjOXz7tq2HqJP5tPXEh6/1r6VfwyH2GpqECiFt4OfHkM4/PUoEMx1ttR76Y\nuUkVnsPbMRSOiNbaVQwyb3gqOGfrEZmwro8PaKh/Ok1mVg4R8PAlXkcd5LLlGDBf\ncFdUi/PaXULRAAABABJUAgsxU0Ym23L0cug+/M2wkbYdiDDeBC52BSvtEW+7uRSJ\n7NetZbrcYJbDiK08GNlZ9R0wzwGauNE6l2dhhI+Sd1195gqqqVFxKMSIOoZtTJGG\n0EUfuWfM/IqXUqpoNQDxQny/JEjYUXpS+eRabrB3n7GMEVCjUAOg7Q8AqR3wpoGk\nYbJfmbUPph7NYgS6Mx4OilG/lnY0cAF8Sf4tBlkJlW1Wt0QGJA7p1ewO9Ln4aJxu\nEG9KIeA1uFKvY+mEFC1sjbvKBfTx1Z3Vt6S5kASIcyZNTScrBVj3SrAlyWFcS43/\nybmqtBMJdk+Rm/fyvnVVRnJfhfXS5OMOhrpQdc0AAAEBAOf2/963llWKkLNj5a2y\nsVddbNOkB6J9qUbW3wNUxI9ZTuvti43KqnY1RdCI5D6khQPx37UUbHW3HlZFpDyO\nc+8nNUbj3FWTjMn+kvEQ587MlacdnVFEjWv8I4thFk43d5Dz7RlMXj2d/toLxJ3f\n9MXW9k3NzJZSp9z/Me450U9USzQaUQtPv7u2EpU1+LMZDLg7LE11R/vLbDKvgkw6\notgijrXoAncUfF8/OO9UJ1uljpkx3ahiidsK1DtEyKTEhFQUdxedCsWglBGuABrw\n4O4SNSUEtMOCQd7rkyX2nIfZ0aOU+AIXDidbk2MDhtvLsHv8CT9Jh0rtOhhw6YN4\nXT0AAAEBAPfLSfUIw9kQoCpdUqBZE/tiM6Es1z4vzOPsINMi392mhx+7XqNPKMPh\nuBt6YJuw1ABkQBsphqIkgUn3S5TUHRfNsCWJtxUwYmOAQzLeese0zc/+mggT1Hy8\nP1y0fRfYwhn07O0b7nHr0AF8OLfIX6QimgQO9wrVlnaso32kGR5czkGj78Dmr779\n0aVLpTagX/U9uyT50/sZCFJdbrr2tn16wppbbDcAYE/VHtXPSoCCqGXumAlUGPhP\nCfXYKk12TisIZu+XjT8HCvtF2tuY50/isi0VIylQBysUdb/0F+YRLeG4tismte0b\n23YMk87gf6gY/PuUqPNvhe8Yaf0k0lMAAAAAAQID\n-----END OPENSSH PRIVATE KEY-----\n",
            "private_key_pem": "-----BEGIN RSA PRIVATE KEY-----\nMIIJJwIBAAKCAgEA4IeEwD8IMRFjmUk8oIHpSM79qbvVTgMY9Xz22O3QLnz8TOE5\n9h26t9AB94Spr8FZUMHAdJzF10oVSyQGxpepm0V16aXp76HEBuafeuCRDt5fkY5N\nA5b/GaT2jMBg77Vc6juClHwtMSSDJfDGfOdu2CFZlfSFVRJJBde52FlVQktRmZZC\nqwjZxTglwmTOgL/XnjcxjYPGXujcliRjQNqP2GFxl6YcS42LXz3dM9Qj7ASk2Fyt\nTCy+6fVc2JYqbWwGWf+yU+5WIzEYG4KHHrU3DQC6oozDZTDlj47oXlusY1oNJ7+r\nd/Y1NT4Dd0LKgaK5zfGDlrjjdZSHnNE+PwsQfTKhqoaiAYCDR/GWITL2g4jTrbB/\necoXWHvpch5me+bfOiIk2aiNB31piC+rq2fxzU4LfJLzHKrl4FT56y5FJa427rzG\nvxBEKMBh9hCWkLG0E4CTiN9Md7dv+l7reg+DuCu+EPH5ewr8g06LFkUQy//urodB\ngMpi8exLIINB/bUUK9snUDZQx3CjNDixBHldF2QFPfezf2xvU81SosLmXMUcyLU4\nEzQtLALdDSBYeFlW1SGwk8aKewp+pQAAvKpy6T7GGHDKcpmxnPtkzrGjGhumz+I4\nZYUScpAliLuOdsO9dP8k0HnreKhlM7e9JPBuBHqTzuFdvwX1fF+QpcIWRMcCAwEA\nAQKCAgByF6r3XZA2DtYDkFmEXj9CxhvT4iSTzbMjG2r79GwzE0PJdTFUxOqaeNJn\nCjyHmMJf7PR0zS0jJvwHALmItIx04Cj4n1xubk8ECrDDadWMLqd1eU/dIR9j0pWO\nFDut0wTx6WeDOE5miF00LFNQKPIEVX4GWwhdoDsHAwXm0A4o78j5OIeMDaVLOCrH\nyx28Ar/4H6fId0uX8tAUY00kKWuq0mk8XCZIphZKQU9kBMp0Ji/12bId4SbqD8os\nLLJGg/v+Q5ZEW/ndTBcp83vhuMfOja5I5yprAxvDhSTCveatXZcNubHR9YQ4F9j/\nAyuQEDZGVhE9x5mdp+n5X8I3mtG3OPdVVdCgi1haUbOA3MIEAcrSpp8lDLLHU+Er\ndS4CxGUloN89Yf9icUtCAvtRkWgNF19XUYFpLNSq6KyXNi3Ux+EghnmpWiH8H43W\nLRUOsrdhCI5fGKhdZHuaNcKfwT906tZtX+qYGdQBqefLBeyZx9OUlCEqlgbEOCvJ\npost2LqZIHrwYEQeqlP+2/UOMrNCDhzl4jZMK/BzYXA4zl8+7ath6iT+bT1xIev9\na+lX8Mh9hqahAohbeDnx5DOPz1KBDMdbbUe+mLlJFZ7D2zEUjojW2lUMMm94Kjhn\n6xGZsK6PD2iofzpNZlYOEfDwJV5HHeSy5RgwX3BXVIvz2l1C0QKCAQEA5/b/3reW\nVYqQs2PlrbKxV11s06QHon2pRtbfA1TEj1lO6+2LjcqqdjVF0IjkPqSFA/HftRRs\ndbceVkWkPI5z7yc1RuPcVZOMyf6S8RDnzsyVpx2dUUSNa/wji2EWTjd3kPPtGUxe\nPZ3+2gvEnd/0xdb2Tc3MllKn3P8x7jnRT1RLNBpRC0+/u7YSlTX4sxkMuDssTXVH\n+8tsMq+CTDqi2CKOtegCdxR8Xz8471QnW6WOmTHdqGKJ2wrUO0TIpMSEVBR3F50K\nxaCUEa4AGvDg7hI1JQS0w4JB3uuTJfach9nRo5T4AhcOJ1uTYwOG28uwe/wJP0mH\nSu06GHDpg3hdPQKCAQEA98tJ9QjD2RCgKl1SoFkT+2IzoSzXPi/M4+wg0yLf3aaH\nH7teo08ow+G4G3pgm7DUAGRAGymGoiSBSfdLlNQdF82wJYm3FTBiY4BDMt56x7TN\nz/6aCBPUfLw/XLR9F9jCGfTs7RvucevQAXw4t8hfpCKaBA73CtWWdqyjfaQZHlzO\nQaPvwOavvv3RpUulNqBf9T27JPnT+xkIUl1uuva2fXrCmltsNwBgT9Ue1c9KgIKo\nZe6YCVQY+E8J9dgqTXZOKwhm75eNPwcK+0Xa25jnT+KyLRUjKVAHKxR1v/QX5hEt\n4bi2Kya17RvbdgyTzuB/qBj8+5So82+F7xhp/STSUwKCAQB6Nq/OxwlE3nGookxj\nfM9kyUtKIpUHLo/eS91J4wKAyDwFn600MoAnMaAr48PloUaXsnr769vNFYK9T4nd\ngexhJ1YxmGIBEHFQB3mh2xdW5IFAgCDfrW+ZYknT6H4ZDa5IR8w21P6eFj0s4qBf\n0ZwkFELG8VQGK1xX2niTHBFEa5QHyonCnOzW2HHn/Xyf1+XUtxB7avxXFHFYLxJG\nWWps16A7BRcvaDKy+BtmNP9bkNmVqykuy2P4bTcuVuojrYpOxk2MumfvgdAhlHxn\ntVu88wjfDSC0FU/hRFrN2KXWCZQjTJxydXU2lVANDdGiwimk2UCCAJpwhpZiRDMz\n2lm9AoIBABPGR1qknmx+JSn8VJGzSiLvjUs5dtvhmKo/t8bhq5fWqEXiAAVsVcZ8\nBuM6eucxz1lQpsUEJVhfLWonsAJqgv/ZTEtSmCe6ur9SBwrSMl4pkZsdqFEos/ZY\nV34gcTMr+yFzKE0rw3WX6fuUXDpeZTOGB2B3iUN2FBHYaRunstF3eoZGfOWaA0Bs\npQRZ6w9W8RFzIbIrtbz+HGnmRuXotluBJnKHBTXGc+krCtDpP/rNcn7f8YYdDfkS\n5aqW25le7ZIFk6FfKMh02W1//50ysJLxdmKeozWyyz+m3Fa7NgUILe8rfG4pIq+P\nX44mJs2FoOpbRCUXkfwLVFbmTd8Dxz0CggEAElQCCzFTRibbcvRy6D78zbCRth2I\nMN4ELnYFK+0Rb7u5FIns161lutxglsOIrTwY2Vn1HTDPAZq40TqXZ2GEj5J3XX3m\nCqqpUXEoxIg6hm1MkYbQRR+5Z8z8ipdSqmg1APFCfL8kSNhRelL55FpusHefsYwR\nUKNQA6DtDwCpHfCmgaRhsl+ZtQ+mHs1iBLozHg6KUb+WdjRwAXxJ/i0GWQmVbVa3\nRAYkDunV7A70ufhonG4Qb0oh4DW4Uq9j6YQULWyNu8oF9PHVndW3pLmQBIhzJk1N\nJysFWPdKsCXJYVxLjf/Juaq0Ewl2T5Gb9/K+dVVGcl+F9dLk4w6GulB1zQ==\n-----END RSA PRIVATE KEY-----\n",
            "private_key_pem_pkcs8": "-----BEGIN PRIVATE KEY-----\nMIIJQQIBADANBgkqhkiG9w0BAQEFAASCCSswggknAgEAAoICAQDgh4TAPwgxEWOZ\nSTyggelIzv2pu9VOAxj1fPbY7dAufPxM4Tn2Hbq30AH3hKmvwVlQwcB0nMXXShVL\nJAbGl6mbRXXppenvocQG5p964JEO3l+Rjk0Dlv8ZpPaMwGDvtVzqO4KUfC0xJIMl\n8MZ8527YIVmV9IVVEkkF17nYWVVCS1GZlkKrCNnFOCXCZM6Av9eeNzGNg8Ze6NyW\nJGNA2o/YYXGXphxLjYtfPd0z1CPsBKTYXK1MLL7p9VzYliptbAZZ/7JT7lYjMRgb\ngocetTcNALqijMNlMOWPjuheW6xjWg0nv6t39jU1PgN3QsqBornN8YOWuON1lIec\n0T4/CxB9MqGqhqIBgINH8ZYhMvaDiNOtsH95yhdYe+lyHmZ75t86IiTZqI0HfWmI\nL6urZ/HNTgt8kvMcquXgVPnrLkUlrjbuvMa/EEQowGH2EJaQsbQTgJOI30x3t2/6\nXut6D4O4K74Q8fl7CvyDTosWRRDL/+6uh0GAymLx7Esgg0H9tRQr2ydQNlDHcKM0\nOLEEeV0XZAU997N/bG9TzVKiwuZcxRzItTgTNC0sAt0NIFh4WVbVIbCTxop7Cn6l\nAAC8qnLpPsYYcMpymbGc+2TOsaMaG6bP4jhlhRJykCWIu452w710/yTQeet4qGUz\nt70k8G4EepPO4V2/BfV8X5ClwhZExwIDAQABAoICAHIXqvddkDYO1gOQWYReP0LG\nG9PiJJPNsyMbavv0bDMTQ8l1MVTE6pp40mcKPIeYwl/s9HTNLSMm/AcAuYi0jHTg\nKPifXG5uTwQKsMNp1Ywup3V5T90hH2PSlY4UO63TBPHpZ4M4TmaIXTQsU1Ao8gRV\nfgZbCF2gOwcDBebQDijvyPk4h4wNpUs4KsfLHbwCv/gfp8h3S5fy0BRjTSQpa6rS\naTxcJkimFkpBT2QEynQmL/XZsh3hJuoPyiwsskaD+/5DlkRb+d1MFynze+G4x86N\nrkjnKmsDG8OFJMK95q1dlw25sdH1hDgX2P8DK5AQNkZWET3HmZ2n6flfwjea0bc4\n91VV0KCLWFpRs4DcwgQBytKmnyUMssdT4St1LgLEZSWg3z1h/2JxS0IC+1GRaA0X\nX1dRgWks1KrorJc2LdTH4SCGealaIfwfjdYtFQ6yt2EIjl8YqF1ke5o1wp/BP3Tq\n1m1f6pgZ1AGp58sF7JnH05SUISqWBsQ4K8mmiy3YupkgevBgRB6qU/7b9Q4ys0IO\nHOXiNkwr8HNhcDjOXz7tq2HqJP5tPXEh6/1r6VfwyH2GpqECiFt4OfHkM4/PUoEM\nx1ttR76YuUkVnsPbMRSOiNbaVQwyb3gqOGfrEZmwro8PaKh/Ok1mVg4R8PAlXkcd\n5LLlGDBfcFdUi/PaXULRAoIBAQDn9v/et5ZVipCzY+WtsrFXXWzTpAeifalG1t8D\nVMSPWU7r7YuNyqp2NUXQiOQ+pIUD8d+1FGx1tx5WRaQ8jnPvJzVG49xVk4zJ/pLx\nEOfOzJWnHZ1RRI1r/COLYRZON3eQ8+0ZTF49nf7aC8Sd3/TF1vZNzcyWUqfc/zHu\nOdFPVEs0GlELT7+7thKVNfizGQy4OyxNdUf7y2wyr4JMOqLYIo616AJ3FHxfPzjv\nVCdbpY6ZMd2oYonbCtQ7RMikxIRUFHcXnQrFoJQRrgAa8ODuEjUlBLTDgkHe65Ml\n9pyH2dGjlPgCFw4nW5NjA4bby7B7/Ak/SYdK7ToYcOmDeF09AoIBAQD3y0n1CMPZ\nEKAqXVKgWRP7YjOhLNc+L8zj7CDTIt/dpocfu16jTyjD4bgbemCbsNQAZEAbKYai\nJIFJ90uU1B0XzbAlibcVMGJjgEMy3nrHtM3P/poIE9R8vD9ctH0X2MIZ9OztG+5x\n69ABfDi3yF+kIpoEDvcK1ZZ2rKN9pBkeXM5Bo+/A5q++/dGlS6U2oF/1Pbsk+dP7\nGQhSXW669rZ9esKaW2w3AGBP1R7Vz0qAgqhl7pgJVBj4Twn12CpNdk4rCGbvl40/\nBwr7RdrbmOdP4rItFSMpUAcrFHW/9BfmES3huLYrJrXtG9t2DJPO4H+oGPz7lKjz\nb4XvGGn9JNJTAoIBAHo2r87HCUTecaiiTGN8z2TJS0oilQcuj95L3UnjAoDIPAWf\nrTQygCcxoCvjw+WhRpeyevvr280Vgr1Pid2B7GEnVjGYYgEQcVAHeaHbF1bkgUCA\nIN+tb5liSdPofhkNrkhHzDbU/p4WPSzioF/RnCQUQsbxVAYrXFfaeJMcEURrlAfK\nicKc7NbYcef9fJ/X5dS3EHtq/FcUcVgvEkZZamzXoDsFFy9oMrL4G2Y0/1uQ2ZWr\nKS7LY/htNy5W6iOtik7GTYy6Z++B0CGUfGe1W7zzCN8NILQVT+FEWs3YpdYJlCNM\nnHJ1dTaVUA0N0aLCKaTZQIIAmnCGlmJEMzPaWb0CggEAE8ZHWqSebH4lKfxUkbNK\nIu+NSzl22+GYqj+3xuGrl9aoReIABWxVxnwG4zp65zHPWVCmxQQlWF8taiewAmqC\n/9lMS1KYJ7q6v1IHCtIyXimRmx2oUSiz9lhXfiBxMyv7IXMoTSvDdZfp+5RcOl5l\nM4YHYHeJQ3YUEdhpG6ey0Xd6hkZ85ZoDQGylBFnrD1bxEXMhsiu1vP4caeZG5ei2\nW4EmcocFNcZz6SsK0Ok/+s1yft/xhh0N+RLlqpbbmV7tkgWToV8oyHTZbX//nTKw\nkvF2Yp6jNbLLP6bcVrs2BQgt7yt8bikir49fjiYmzYWg6ltEJReR/AtUVuZN3wPH\nPQKCAQASVAILMVNGJtty9HLoPvzNsJG2HYgw3gQudgUr7RFvu7kUiezXrWW63GCW\nw4itPBjZWfUdMM8BmrjROpdnYYSPknddfeYKqqlRcSjEiDqGbUyRhtBFH7lnzPyK\nl1KqaDUA8UJ8vyRI2FF6UvnkWm6wd5+xjBFQo1ADoO0PAKkd8KaBpGGyX5m1D6Ye\nzWIEujMeDopRv5Z2NHABfEn+LQZZCZVtVrdEBiQO6dXsDvS5+GicbhBvSiHgNbhS\nr2PphBQtbI27ygX08dWd1bekuZAEiHMmTU0nKwVY90qwJclhXEuN/8m5qrQTCXZP\nkZv38r51VUZyX4X10uTjDoa6UHXN\n-----END PRIVATE KEY-----\n",
            "public_key_fingerprint_md5": "93:de:af:01:ac:ed:a4:64:dd:86:1e:b3:5e:b2:59:b5",
            "public_key_fingerprint_sha256": "SHA256:adtucQbkV441Ah9/Rny0Ouj3NT/ljrA+Zzp69rfsCqo",
            "public_key_openssh": "ssh-rsa AAAAB3NzaC1yc2EAAAADAQABAAACAQDgh4TAPwgxEWOZSTyggelIzv2pu9VOAxj1fPbY7dAufPxM4Tn2Hbq30AH3hKmvwVlQwcB0nMXXShVLJAbGl6mbRXXppenvocQG5p964JEO3l+Rjk0Dlv8ZpPaMwGDvtVzqO4KUfC0xJIMl8MZ8527YIVmV9IVVEkkF17nYWVVCS1GZlkKrCNnFOCXCZM6Av9eeNzGNg8Ze6NyWJGNA2o/YYXGXphxLjYtfPd0z1CPsBKTYXK1MLL7p9VzYliptbAZZ/7JT7lYjMRgbgocetTcNALqijMNlMOWPjuheW6xjWg0nv6t39jU1PgN3QsqBornN8YOWuON1lIec0T4/CxB9MqGqhqIBgINH8ZYhMvaDiNOtsH95yhdYe+lyHmZ75t86IiTZqI0HfWmIL6urZ/HNTgt8kvMcquXgVPnrLkUlrjbuvMa/EEQowGH2EJaQsbQTgJOI30x3t2/6Xut6D4O4K74Q8fl7CvyDTosWRRDL/+6uh0GAymLx7Esgg0H9tRQr2ydQNlDHcKM0OLEEeV0XZAU997N/bG9TzVKiwuZcxRzItTgTNC0sAt0NIFh4WVbVIbCTxop7Cn6lAAC8qnLpPsYYcMpymbGc+2TOsaMaG6bP4jhlhRJykCWIu452w710/yTQeet4qGUzt70k8G4EepPO4V2/BfV8X5ClwhZExw==\n",
            "public_key_pem": "-----BEGIN PUBLIC KEY-----\nMIICIjANBgkqhkiG9w0BAQEFAAOCAg8AMIICCgKCAgEA4IeEwD8IMRFjmUk8oIHp\nSM79qbvVTgMY9Xz22O3QLnz8TOE59h26t9AB94Spr8FZUMHAdJzF10oVSyQGxpep\nm0V16aXp76HEBuafeuCRDt5fkY5NA5b/GaT2jMBg77Vc6juClHwtMSSDJfDGfOdu\n2CFZlfSFVRJJBde52FlVQktRmZZCqwjZxTglwmTOgL/XnjcxjYPGXujcliRjQNqP\n2GFxl6YcS42LXz3dM9Qj7ASk2FytTCy+6fVc2JYqbWwGWf+yU+5WIzEYG4KHHrU3\nDQC6oozDZTDlj47oXlusY1oNJ7+rd/Y1NT4Dd0LKgaK5zfGDlrjjdZSHnNE+PwsQ\nfTKhqoaiAYCDR/GWITL2g4jTrbB/ecoXWHvpch5me+bfOiIk2aiNB31piC+rq2fx\nzU4LfJLzHKrl4FT56y5FJa427rzGvxBEKMBh9hCWkLG0E4CTiN9Md7dv+l7reg+D\nuCu+EPH5ewr8g06LFkUQy//urodBgMpi8exLIINB/bUUK9snUDZQx3CjNDixBHld\nF2QFPfezf2xvU81SosLmXMUcyLU4EzQtLALdDSBYeFlW1SGwk8aKewp+pQAAvKpy\n6T7GGHDKcpmxnPtkzrGjGhumz+I4ZYUScpAliLuOdsO9dP8k0HnreKhlM7e9JPBu\nBHqTzuFdvwX1fF+QpcIWRMcCAwEAAQ==\n-----END PUBLIC KEY-----\n",
            "rsa_bits": 4096
          },
          "sensitive_attributes": []
        }
      ]
    }
  ],
  "check_results": null
}
